// !$*UTF8*$!
{
	archiveVersion = 1;
	classes = {
	};
	objectVersion = 46;
	objects = {

/* Begin PBXBuildFile section */
		A55F7B6D1CED527E000BD773 /* AppDelegate.swift in Sources */ = {isa = PBXBuildFile; fileRef = A55F7B6C1CED527E000BD773 /* AppDelegate.swift */; };
		A55F7B6F1CED527E000BD773 /* ViewController.swift in Sources */ = {isa = PBXBuildFile; fileRef = A55F7B6E1CED527E000BD773 /* ViewController.swift */; };
		A55F7B721CED527E000BD773 /* Main.storyboard in Resources */ = {isa = PBXBuildFile; fileRef = A55F7B701CED527E000BD773 /* Main.storyboard */; };
		A55F7B741CED527E000BD773 /* Assets.xcassets in Resources */ = {isa = PBXBuildFile; fileRef = A55F7B731CED527E000BD773 /* Assets.xcassets */; };
		A55F7B771CED527E000BD773 /* LaunchScreen.storyboard in Resources */ = {isa = PBXBuildFile; fileRef = A55F7B751CED527E000BD773 /* LaunchScreen.storyboard */; };
/* End PBXBuildFile section */

/* Begin PBXFileReference section */
		A55F7B691CED527D000BD773 /* FishTank_BrianLim.app */ = {isa = PBXFileReference; explicitFileType = wrapper.application; includeInIndex = 0; path = FishTank_BrianLim.app; sourceTree = BUILT_PRODUCTS_DIR; };
		A55F7B6C1CED527E000BD773 /* AppDelegate.swift */ = {isa = PBXFileReference; lastKnownFileType = sourcecode.swift; path = AppDelegate.swift; sourceTree = "<group>"; };
		A55F7B6E1CED527E000BD773 /* ViewController.swift */ = {isa = PBXFileReference; lastKnownFileType = sourcecode.swift; path = ViewController.swift; sourceTree = "<group>"; };
		A55F7B711CED527E000BD773 /* Base */ = {isa = PBXFileReference; lastKnownFileType = file.storyboard; name = Base; path = Base.lproj/Main.storyboard; sourceTree = "<group>"; };
		A55F7B731CED527E000BD773 /* Assets.xcassets */ = {isa = PBXFileReference; lastKnownFileType = folder.assetcatalog; path = Assets.xcassets; sourceTree = "<group>"; };
		A55F7B761CED527E000BD773 /* Base */ = {isa = PBXFileReference; lastKnownFileType = file.storyboard; name = Base; path = Base.lproj/LaunchScreen.storyboard; sourceTree = "<group>"; };
		A55F7B781CED527E000BD773 /* Info.plist */ = {isa = PBXFileReference; lastKnownFileType = text.plist.xml; path = Info.plist; sourceTree = "<group>"; };
/* End PBXFileReference section */

/* Begin PBXFrameworksBuildPhase section */
		A55F7B661CED527D000BD773 /* Frameworks */ = {
			isa = PBXFrameworksBuildPhase;
			buildActionMask = 2147483647;
			files = (
			);
			runOnlyForDeploymentPostprocessing = 0;
		};
/* End PBXFrameworksBuildPhase section */

/* Begin PBXGroup section */
		A55F7B601CED527D000BD773 = {
			isa = PBXGroup;
			children = (
				A55F7B6B1CED527E000BD773 /* FishTank_BrianLim */,
				A55F7B6A1CED527D000BD773 /* Products */,
			);
			sourceTree = "<group>";
		};
		A55F7B6A1CED527D000BD773 /* Products */ = {
			isa = PBXGroup;
			children = (
				A55F7B691CED527D000BD773 /* FishTank_BrianLim.app */,
			);
			name = Products;
			sourceTree = "<group>";
		};
		A55F7B6B1CED527E000BD773 /* FishTank_BrianLim */ = {
			isa = PBXGroup;
			children = (
				A55F7B6C1CED527E000BD773 /* AppDelegate.swift */,
				A55F7B6E1CED527E000BD773 /* ViewController.swift */,
				A55F7B701CED527E000BD773 /* Main.storyboard */,
				A55F7B731CED527E000BD773 /* Assets.xcassets */,
				A55F7B751CED527E000BD773 /* LaunchScreen.storyboard */,
				A55F7B781CED527E000BD773 /* Info.plist */,
			);
			path = FishTank_BrianLim;
			sourceTree = "<group>";
		};
/* End PBXGroup section */

/* Begin PBXNativeTarget section */
		A55F7B681CED527D000BD773 /* FishTank_BrianLim */ = {
			isa = PBXNativeTarget;
			buildConfigurationList = A55F7B7B1CED527E000BD773 /* Build configuration list for PBXNativeTarget "FishTank_BrianLim" */;
			buildPhases = (
				A55F7B651CED527D000BD773 /* Sources */,
				A55F7B661CED527D000BD773 /* Frameworks */,
				A55F7B671CED527D000BD773 /* Resources */,
			);
			buildRules = (
			);
			dependencies = (
			);
			name = FishTank_BrianLim;
			productName = FishTank_BrianLim;
			productReference = A55F7B691CED527D000BD773 /* FishTank_BrianLim.app */;
			productType = "com.apple.product-type.application";
		};
/* End PBXNativeTarget section */

/* Begin PBXProject section */
		A55F7B611CED527D000BD773 /* Project object */ = {
			isa = PBXProject;
			attributes = {
				LastSwiftUpdateCheck = 0730;
				LastUpgradeCheck = 0730;
				ORGANIZATIONNAME = "Brian Lim";
				TargetAttributes = {
					A55F7B681CED527D000BD773 = {
						CreatedOnToolsVersion = 7.3.1;
					};
				};
			};
			buildConfigurationList = A55F7B641CED527D000BD773 /* Build configuration list for PBXProject "FishTank_BrianLim" */;
			compatibilityVersion = "Xcode 3.2";
			developmentRegion = English;
			hasScannedForEncodings = 0;
			knownRegions = (
				en,
				Base,
			);
			mainGroup = A55F7B601CED527D000BD773;
			productRefGroup = A55F7B6A1CED527D000BD773 /* Products */;
			projectDirPath = "";
			projectRoot = "";
			targets = (
				A55F7B681CED527D000BD773 /* FishTank_BrianLim */,
			);
		};
/* End PBXProject section */

/* Begin PBXResourcesBuildPhase section */
		A55F7B671CED527D000BD773 /* Resources */ = {
			isa = PBXResourcesBuildPhase;
			buildActionMask = 2147483647;
			files = (
				A55F7B771CED527E000BD773 /* LaunchScreen.storyboard in Resources */,
				A55F7B741CED527E000BD773 /* Assets.xcassets in Resources */,
				A55F7B721CED527E000BD773 /* Main.storyboard in Resources */,
			);
			runOnlyForDeploymentPostprocessing = 0;
		};
/* End PBXResourcesBuildPhase section */

/* Begin PBXSourcesBuildPhase section */
		A55F7B651CED527D000BD773 /* Sources */ = {
			isa = PBXSourcesBuildPhase;
			buildActionMask = 2147483647;
			files = (
				A55F7B6F1CED527E000BD773 /* ViewController.swift in Sources */,
				A55F7B6D1CED527E000BD773 /* AppDelegate.swift in Sources */,
			);
			runOnlyForDeploymentPostprocessing = 0;
		};
/* End PBXSourcesBuildPhase section */

/* Begin PBXVariantGroup section */
		A55F7B701CED527E000BD773 /* Main.storyboard */ = {
			isa = PBXVariantGroup;
			children = (
				A55F7B711CED527E000BD773 /* Base */,
			);
			name = Main.storyboard;
			sourceTree = "<group>";
		};
		A55F7B751CED527E000BD773 /* LaunchScreen.storyboard */ = {
			isa = PBXVariantGroup;
			children = (
				A55F7B761CED527E000BD773 /* Base */,
			);
			name = LaunchScreen.storyboard;
			sourceTree = "<group>";
		};
/* End PBXVariantGroup section */

/* Begin XCBuildConfiguration section */
		A55F7B791CED527E000BD773 /* Debug */ = {
			isa = XCBuildConfiguration;
			buildSettings = {
				ALWAYS_SEARCH_USER_PATHS = NO;
				CLANG_ANALYZER_NONNULL = YES;
				CLANG_CXX_LANGUAGE_STANDARD = "gnu++0x";
				CLANG_CXX_LIBRARY = "libc++";
				CLANG_ENABLE_MODULES = YES;
				CLANG_ENABLE_OBJC_ARC = YES;
				CLANG_WARN_BOOL_CONVERSION = YES;
				CLANG_WARN_CONSTANT_CONVERSION = YES;
				CLANG_WARN_DIRECT_OBJC_ISA_USAGE = YES_ERROR;
				CLANG_WARN_EMPTY_BODY = YES;
				CLANG_WARN_ENUM_CONVERSION = YES;
				CLANG_WARN_INT_CONVERSION = YES;
				CLANG_WARN_OBJC_ROOT_CLASS = YES_ERROR;
				CLANG_WARN_UNREACHABLE_CODE = YES;
				CLANG_WARN__DUPLICATE_METHOD_MATCH = YES;
				"CODE_SIGN_IDENTITY[sdk=iphoneos*]" = "iPhone Developer";
				COPY_PHASE_STRIP = NO;
				DEBUG_INFORMATION_FORMAT = dwarf;
				ENABLE_STRICT_OBJC_MSGSEND = YES;
				ENABLE_TESTABILITY = YES;
				GCC_C_LANGUAGE_STANDARD = gnu99;
				GCC_DYNAMIC_NO_PIC = NO;
				GCC_NO_COMMON_BLOCKS = YES;
				GCC_OPTIMIZATION_LEVEL = 0;
				GCC_PREPROCESSOR_DEFINITIONS = (
					"DEBUG=1",
					"$(inherited)",
				);
				GCC_WARN_64_TO_32_BIT_CONVERSION = YES;
				GCC_WARN_ABOUT_RETURN_TYPE = YES_ERROR;
				GCC_WARN_UNDECLARED_SELECTOR = YES;
				GCC_WARN_UNINITIALIZED_AUTOS = YES_AGGRESSIVE;
				GCC_WARN_UNUSED_FUNCTION = YES;
				GCC_WARN_UNUSED_VARIABLE = YES;
				IPHONEOS_DEPLOYMENT_TARGET = 9.3;
				MTL_ENABLE_DEBUG_INFO = YES;
				ONLY_ACTIVE_ARCH = YES;
				SDKROOT = iphoneos;
				SWIFT_OPTIMIZATION_LEVEL = "-Onone";
				TARGETED_DEVICE_FAMILY = "1,2";
			};
			name = Debug;
		};
		A55F7B7A1CED527E000BD773 /* Release */ = {
			isa = XCBuildConfiguration;
			buildSettings = {
				ALWAYS_SEARCH_USER_PATHS = NO;
				CLANG_ANALYZER_NONNULL = YES;
				CLANG_CXX_LANGUAGE_STANDARD = "gnu++0x";
				CLANG_CXX_LIBRARY = "libc++";
				CLANG_ENABLE_MODULES = YES;
				CLANG_ENABLE_OBJC_ARC = YES;
				CLANG_WARN_BOOL_CONVERSION = YES;
				CLANG_WARN_CONSTANT_CONVERSION = YES;
				CLANG_WARN_DIRECT_OBJC_ISA_USAGE = YES_ERROR;
				CLANG_WARN_EMPTY_BODY = YES;
				CLANG_WARN_ENUM_CONVERSION = YES;
				CLANG_WARN_INT_CONVERSION = YES;
				CLANG_WARN_OBJC_ROOT_CLASS = YES_ERROR;
				CLANG_WARN_UNREACHABLE_CODE = YES;
				CLANG_WARN__DUPLICATE_METHOD_MATCH = YES;
				"CODE_SIGN_IDENTITY[sdk=iphoneos*]" = "iPhone Developer";
				COPY_PHASE_STRIP = NO;
				DEBUG_INFORMATION_FORMAT = "dwarf-with-dsym";
				ENABLE_NS_ASSERTIONS = NO;
				ENABLE_STRICT_OBJC_MSGSEND = YES;
				GCC_C_LANGUAGE_STANDARD = gnu99;
				GCC_NO_COMMON_BLOCKS = YES;
				GCC_WARN_64_TO_32_BIT_CONVERSION = YES;
				GCC_WARN_ABOUT_RETURN_TYPE = YES_ERROR;
				GCC_WARN_UNDECLARED_SELECTOR = YES;
				GCC_WARN_UNINITIALIZED_AUTOS = YES_AGGRESSIVE;
				GCC_WARN_UNUSED_FUNCTION = YES;
				GCC_WARN_UNUSED_VARIABLE = YES;
				IPHONEOS_DEPLOYMENT_TARGET = 9.3;
				MTL_ENABLE_DEBUG_INFO = NO;
				SDKROOT = iphoneos;
				TARGETED_DEVICE_FAMILY = "1,2";
				VALIDATE_PRODUCT = YES;
			};
			name = Release;
		};
		A55F7B7C1CED527E000BD773 /* Debug */ = {
			isa = XCBuildConfiguration;
			buildSettings = {
				ASSETCATALOG_COMPILER_APPICON_NAME = AppIcon;
				INFOPLIST_FILE = FishTank_BrianLim/Info.plist;
				IPHONEOS_DEPLOYMENT_TARGET = 9.0;
				LD_RUNPATH_SEARCH_PATHS = "$(inherited) @executable_path/Frameworks";
				PRODUCT_BUNDLE_IDENTIFIER = "edu.deanza.blim.FishTank-BrianLim";
				PRODUCT_NAME = "$(TARGET_NAME)";
			};
			name = Debug;
		};
		A55F7B7D1CED527E000BD773 /* Release */ = {
			isa = XCBuildConfiguration;
			buildSettings = {
				ASSETCATALOG_COMPILER_APPICON_NAME = AppIcon;
				INFOPLIST_FILE = FishTank_BrianLim/Info.plist;
				IPHONEOS_DEPLOYMENT_TARGET = 9.0;
				LD_RUNPATH_SEARCH_PATHS = "$(inherited) @executable_path/Frameworks";
				PRODUCT_BUNDLE_IDENTIFIER = "edu.deanza.blim.FishTank-BrianLim";
				PRODUCT_NAME = "$(TARGET_NAME)";
			};
			name = Release;
		};
/* End XCBuildConfiguration section */

/* Begin XCConfigurationList section */
		A55F7B641CED527D000BD773 /* Build configuration list for PBXProject "FishTank_BrianLim" */ = {
			isa = XCConfigurationList;
			buildConfigurations = (
				A55F7B791CED527E000BD773 /* Debug */,
				A55F7B7A1CED527E000BD773 /* Release */,
			);
			defaultConfigurationIsVisible = 0;
			defaultConfigurationName = Release;
		};
		A55F7B7B1CED527E000BD773 /* Build configuration list for PBXNativeTarget "FishTank_BrianLim" */ = {
			isa = XCConfigurationList;
			buildConfigurations = (
				A55F7B7C1CED527E000BD773 /* Debug */,
				A55F7B7D1CED527E000BD773 /* Release */,
			);
			defaultConfigurationIsVisible = 0;
			defaultConfigurationName = Release;
		};
/* End XCConfigurationList section */
	};
	rootObject = A55F7B611CED527D000BD773 /* Project object */;
}
